
Microsoft Visual Studio Solution File, Format Version 12.00
# Visual Studio Version 17
VisualStudioVersion = 17.2.32616.157
MinimumVisualStudioVersion = 10.0.40219.1
Project("{FAE04EC0-301F-11D3-BF4B-00C04F79EFBC}") = "videly", "videly\videly.csproj", "{54E14373-2722-417C-A508-45DDDAAB6E51}"
EndProject
Global
	GlobalSection(SolutionConfigurationPlatforms) = preSolution
		Debug|Any CPU = Debug|Any CPU
		Release|Any CPU = Release|Any CPU
	EndGlobalSection
	GlobalSection(ProjectConfigurationPlatforms) = postSolution
		{54E14373-2722-417C-A508-45DDDAAB6E51}.Debug|Any CPU.ActiveCfg = Debug|Any CPU
		{54E14373-2722-417C-A508-45DDDAAB6E51}.Debug|Any CPU.Build.0 = Debug|Any CPU
		{54E14373-2722-417C-A508-45DDDAAB6E51}.Release|Any CPU.ActiveCfg = Release|Any CPU
		{54E14373-2722-417C-A508-45DDDAAB6E51}.Release|Any CPU.Build.0 = Release|Any CPU
	EndGlobalSection
	GlobalSection(SolutionProperties) = preSolution
		HideSolutionNode = FALSE
	EndGlobalSection
	GlobalSection(ExtensibilityGlobals) = postSolution
		SolutionGuid = {2AF4BD23-15AF-4FBC-9C31-A4DE390BCC86}
	EndGlobalSection
EndGlobal
